
Microsoft Visual Studio Solution File, Format Version 12.00
# Visual Studio Version 16
VisualStudioVersion = 16.0.30717.126
MinimumVisualStudioVersion = 10.0.40219.1
Project("{2150E333-8FDC-42A3-9474-1A3956D46DE8}") = "Data", "Data", "{0D1D8211-2E06-4D8C-BF9E-85E0EC06BDA2}"
EndProject
Project("{9A19103F-16F7-4668-BE54-9A1E7A4F7556}") = "EveEchoesPlanetaryProductionApi.Data.Models", "Data\EveEchoesPlanetaryProductionApi.Data.Models\EveEchoesPlanetaryProductionApi.Data.Models.csproj", "{C7806EFE-AE72-4266-8BF2-A24A0138E2A0}"
EndProject
Project("{9A19103F-16F7-4668-BE54-9A1E7A4F7556}") = "EveEchoesPlanetaryProductionApi.Data.Common", "Data\EveEchoesPlanetaryProductionApi.Data.Common\EveEchoesPlanetaryProductionApi.Data.Common.csproj", "{0D838EA7-2A6C-4B2E-8C26-BD6CB09BE207}"
EndProject
Project("{9A19103F-16F7-4668-BE54-9A1E7A4F7556}") = "EveEchoesPlanetaryProductionApi.Common", "EveEchoesPlanetaryProductionApi.Common\EveEchoesPlanetaryProductionApi.Common.csproj", "{EB79A70D-81B8-4C63-BFBC-D84D8C057B51}"
EndProject
Project("{9A19103F-16F7-4668-BE54-9A1E7A4F7556}") = "EveEchoesPlanetaryProductionApi.Data", "Data\EveEchoesPlanetaryProductionApi.Data\EveEchoesPlanetaryProductionApi.Data.csproj", "{8AF92FC2-F319-4BA1-9A6A-583B16023E8F}"
EndProject
Project("{2150E333-8FDC-42A3-9474-1A3956D46DE8}") = "Api", "Api", "{8A26E134-E1E0-4F7E-A6D4-3FA8B9326A18}"
EndProject
Project("{9A19103F-16F7-4668-BE54-9A1E7A4F7556}") = "EveEchoesPlanetaryProductionApi.Api", "Api\EveEchoesPlanetaryProductionApi.Api\EveEchoesPlanetaryProductionApi.Api.csproj", "{E2582FFC-AD9F-4EB7-BDE0-4CB1D78229D6}"
EndProject
Project("{9A19103F-16F7-4668-BE54-9A1E7A4F7556}") = "EveEchoesPlanetaryProductionApi.Api.Infrastructure", "Api\EveEchoesPlanetaryProductionApi.Api.Infrastructure\EveEchoesPlanetaryProductionApi.Api.Infrastructure.csproj", "{A29F8AB8-31AE-42AB-9A5B-330C93F6AF60}"
EndProject
Project("{9A19103F-16F7-4668-BE54-9A1E7A4F7556}") = "EveEchoesPlanetaryProductionApi.Api.Models", "Api\EveEchoesPlanetaryProductionApi.Api.Models\EveEchoesPlanetaryProductionApi.Api.Models.csproj", "{944FEAE7-A334-4386-859D-1E75636703F9}"
EndProject
Project("{2150E333-8FDC-42A3-9474-1A3956D46DE8}") = "Services", "Services", "{11EBFF06-C888-471F-A5D1-FD1730076BFA}"
EndProject
Project("{9A19103F-16F7-4668-BE54-9A1E7A4F7556}") = "EveEchoesPlanetaryProductionApi.Services", "Services\EveEchoesPlanetaryProductionApi.Services\EveEchoesPlanetaryProductionApi.Services.csproj", "{EED4402C-60FE-4025-AD50-DBEED18DE0D3}"
EndProject
Project("{9A19103F-16F7-4668-BE54-9A1E7A4F7556}") = "EveEchoesPlanetaryProductionApi.Services.Data", "Services\EveEchoesPlanetaryProductionApi.Services.Data\EveEchoesPlanetaryProductionApi.Services.Data.csproj", "{B969C50B-4526-435A-84AF-B9B07DAE9343}"
EndProject
Project("{9A19103F-16F7-4668-BE54-9A1E7A4F7556}") = "EveEchoesPlanetaryProductionApi.Services.Mapping", "Services\EveEchoesPlanetaryProductionApi.Services.Mapping\EveEchoesPlanetaryProductionApi.Services.Mapping.csproj", "{663199FA-F9DB-419A-9FA4-96245B90C8D7}"
EndProject
Project("{2150E333-8FDC-42A3-9474-1A3956D46DE8}") = "WebClient", "WebClient", "{36A755F5-125A-4E4F-8838-AC323A682EA0}"
EndProject
Project("{9A19103F-16F7-4668-BE54-9A1E7A4F7556}") = "EveEchoesPlanetaryProductionApi.Web", "WebClient\EveEchoesPlanetaryProductionApi.Web\EveEchoesPlanetaryProductionApi.Web.csproj", "{14460ED2-8390-44A9-9A0D-76BC30F2EB39}"
EndProject
Project("{9A19103F-16F7-4668-BE54-9A1E7A4F7556}") = "EveEchoesPlanetaryProductionApi.Web.Common", "WebClient\EveEchoesPlanetaryProductionApi.Web.Common\EveEchoesPlanetaryProductionApi.Web.Common.csproj", "{CBAC4A2A-8551-418E-AB3C-B56D68BFA3B1}"
EndProject
Project("{9A19103F-16F7-4668-BE54-9A1E7A4F7556}") = "EveEchoesPlanetaryProductionApi.Web.Services", "WebClient\EveEchoesPlanetaryProductionApi.Web.Services\EveEchoesPlanetaryProductionApi.Web.Services.csproj", "{70217070-AF28-4CC1-9EEB-A255CDE18BA4}"
EndProject
Project("{FAE04EC0-301F-11D3-BF4B-00C04F79EFBC}") = "EveEchoesPlanetaryProductionApi.Services.Messaging", "Services\EveEchoesPlanetaryProductionApi.Services.Messaging\EveEchoesPlanetaryProductionApi.Services.Messaging.csproj", "{4BE07C1E-2D1F-4C2C-B529-2EA80D4BB394}"
EndProject
Global
	GlobalSection(SolutionConfigurationPlatforms) = preSolution
		Debug|Any CPU = Debug|Any CPU
		Release|Any CPU = Release|Any CPU
	EndGlobalSection
	GlobalSection(ProjectConfigurationPlatforms) = postSolution
		{C7806EFE-AE72-4266-8BF2-A24A0138E2A0}.Debug|Any CPU.ActiveCfg = Debug|Any CPU
		{C7806EFE-AE72-4266-8BF2-A24A0138E2A0}.Debug|Any CPU.Build.0 = Debug|Any CPU
		{C7806EFE-AE72-4266-8BF2-A24A0138E2A0}.Release|Any CPU.ActiveCfg = Release|Any CPU
		{C7806EFE-AE72-4266-8BF2-A24A0138E2A0}.Release|Any CPU.Build.0 = Release|Any CPU
		{0D838EA7-2A6C-4B2E-8C26-BD6CB09BE207}.Debug|Any CPU.ActiveCfg = Debug|Any CPU
		{0D838EA7-2A6C-4B2E-8C26-BD6CB09BE207}.Debug|Any CPU.Build.0 = Debug|Any CPU
		{0D838EA7-2A6C-4B2E-8C26-BD6CB09BE207}.Release|Any CPU.ActiveCfg = Release|Any CPU
		{0D838EA7-2A6C-4B2E-8C26-BD6CB09BE207}.Release|Any CPU.Build.0 = Release|Any CPU
		{EB79A70D-81B8-4C63-BFBC-D84D8C057B51}.Debug|Any CPU.ActiveCfg = Debug|Any CPU
		{EB79A70D-81B8-4C63-BFBC-D84D8C057B51}.Debug|Any CPU.Build.0 = Debug|Any CPU
		{EB79A70D-81B8-4C63-BFBC-D84D8C057B51}.Release|Any CPU.ActiveCfg = Release|Any CPU
		{EB79A70D-81B8-4C63-BFBC-D84D8C057B51}.Release|Any CPU.Build.0 = Release|Any CPU
		{8AF92FC2-F319-4BA1-9A6A-583B16023E8F}.Debug|Any CPU.ActiveCfg = Debug|Any CPU
		{8AF92FC2-F319-4BA1-9A6A-583B16023E8F}.Debug|Any CPU.Build.0 = Debug|Any CPU
		{8AF92FC2-F319-4BA1-9A6A-583B16023E8F}.Release|Any CPU.ActiveCfg = Release|Any CPU
		{8AF92FC2-F319-4BA1-9A6A-583B16023E8F}.Release|Any CPU.Build.0 = Release|Any CPU
		{E2582FFC-AD9F-4EB7-BDE0-4CB1D78229D6}.Debug|Any CPU.ActiveCfg = Debug|Any CPU
		{E2582FFC-AD9F-4EB7-BDE0-4CB1D78229D6}.Debug|Any CPU.Build.0 = Debug|Any CPU
		{E2582FFC-AD9F-4EB7-BDE0-4CB1D78229D6}.Release|Any CPU.ActiveCfg = Release|Any CPU
		{E2582FFC-AD9F-4EB7-BDE0-4CB1D78229D6}.Release|Any CPU.Build.0 = Release|Any CPU
		{A29F8AB8-31AE-42AB-9A5B-330C93F6AF60}.Debug|Any CPU.ActiveCfg = Debug|Any CPU
		{A29F8AB8-31AE-42AB-9A5B-330C93F6AF60}.Debug|Any CPU.Build.0 = Debug|Any CPU
		{A29F8AB8-31AE-42AB-9A5B-330C93F6AF60}.Release|Any CPU.ActiveCfg = Release|Any CPU
		{A29F8AB8-31AE-42AB-9A5B-330C93F6AF60}.Release|Any CPU.Build.0 = Release|Any CPU
		{944FEAE7-A334-4386-859D-1E75636703F9}.Debug|Any CPU.ActiveCfg = Debug|Any CPU
		{944FEAE7-A334-4386-859D-1E75636703F9}.Debug|Any CPU.Build.0 = Debug|Any CPU
		{944FEAE7-A334-4386-859D-1E75636703F9}.Release|Any CPU.ActiveCfg = Release|Any CPU
		{944FEAE7-A334-4386-859D-1E75636703F9}.Release|Any CPU.Build.0 = Release|Any CPU
		{EED4402C-60FE-4025-AD50-DBEED18DE0D3}.Debug|Any CPU.ActiveCfg = Debug|Any CPU
		{EED4402C-60FE-4025-AD50-DBEED18DE0D3}.Debug|Any CPU.Build.0 = Debug|Any CPU
		{EED4402C-60FE-4025-AD50-DBEED18DE0D3}.Release|Any CPU.ActiveCfg = Release|Any CPU
		{EED4402C-60FE-4025-AD50-DBEED18DE0D3}.Release|Any CPU.Build.0 = Release|Any CPU
		{B969C50B-4526-435A-84AF-B9B07DAE9343}.Debug|Any CPU.ActiveCfg = Debug|Any CPU
		{B969C50B-4526-435A-84AF-B9B07DAE9343}.Debug|Any CPU.Build.0 = Debug|Any CPU
		{B969C50B-4526-435A-84AF-B9B07DAE9343}.Release|Any CPU.ActiveCfg = Release|Any CPU
		{B969C50B-4526-435A-84AF-B9B07DAE9343}.Release|Any CPU.Build.0 = Release|Any CPU
		{663199FA-F9DB-419A-9FA4-96245B90C8D7}.Debug|Any CPU.ActiveCfg = Debug|Any CPU
		{663199FA-F9DB-419A-9FA4-96245B90C8D7}.Debug|Any CPU.Build.0 = Debug|Any CPU
		{663199FA-F9DB-419A-9FA4-96245B90C8D7}.Release|Any CPU.ActiveCfg = Release|Any CPU
		{663199FA-F9DB-419A-9FA4-96245B90C8D7}.Release|Any CPU.Build.0 = Release|Any CPU
		{14460ED2-8390-44A9-9A0D-76BC30F2EB39}.Debug|Any CPU.ActiveCfg = Debug|Any CPU
		{14460ED2-8390-44A9-9A0D-76BC30F2EB39}.Debug|Any CPU.Build.0 = Debug|Any CPU
		{14460ED2-8390-44A9-9A0D-76BC30F2EB39}.Release|Any CPU.ActiveCfg = Release|Any CPU
		{14460ED2-8390-44A9-9A0D-76BC30F2EB39}.Release|Any CPU.Build.0 = Release|Any CPU
		{CBAC4A2A-8551-418E-AB3C-B56D68BFA3B1}.Debug|Any CPU.ActiveCfg = Debug|Any CPU
		{CBAC4A2A-8551-418E-AB3C-B56D68BFA3B1}.Debug|Any CPU.Build.0 = Debug|Any CPU
		{CBAC4A2A-8551-418E-AB3C-B56D68BFA3B1}.Release|Any CPU.ActiveCfg = Release|Any CPU
		{CBAC4A2A-8551-418E-AB3C-B56D68BFA3B1}.Release|Any CPU.Build.0 = Release|Any CPU
		{70217070-AF28-4CC1-9EEB-A255CDE18BA4}.Debug|Any CPU.ActiveCfg = Debug|Any CPU
		{70217070-AF28-4CC1-9EEB-A255CDE18BA4}.Debug|Any CPU.Build.0 = Debug|Any CPU
		{70217070-AF28-4CC1-9EEB-A255CDE18BA4}.Release|Any CPU.ActiveCfg = Release|Any CPU
		{70217070-AF28-4CC1-9EEB-A255CDE18BA4}.Release|Any CPU.Build.0 = Release|Any CPU
		{4BE07C1E-2D1F-4C2C-B529-2EA80D4BB394}.Debug|Any CPU.ActiveCfg = Debug|Any CPU
		{4BE07C1E-2D1F-4C2C-B529-2EA80D4BB394}.Debug|Any CPU.Build.0 = Debug|Any CPU
		{4BE07C1E-2D1F-4C2C-B529-2EA80D4BB394}.Release|Any CPU.ActiveCfg = Release|Any CPU
		{4BE07C1E-2D1F-4C2C-B529-2EA80D4BB394}.Release|Any CPU.Build.0 = Release|Any CPU
	EndGlobalSection
	GlobalSection(SolutionProperties) = preSolution
		HideSolutionNode = FALSE
	EndGlobalSection
	GlobalSection(NestedProjects) = preSolution
		{C7806EFE-AE72-4266-8BF2-A24A0138E2A0} = {0D1D8211-2E06-4D8C-BF9E-85E0EC06BDA2}
		{0D838EA7-2A6C-4B2E-8C26-BD6CB09BE207} = {0D1D8211-2E06-4D8C-BF9E-85E0EC06BDA2}
		{8AF92FC2-F319-4BA1-9A6A-583B16023E8F} = {0D1D8211-2E06-4D8C-BF9E-85E0EC06BDA2}
		{E2582FFC-AD9F-4EB7-BDE0-4CB1D78229D6} = {8A26E134-E1E0-4F7E-A6D4-3FA8B9326A18}
		{A29F8AB8-31AE-42AB-9A5B-330C93F6AF60} = {8A26E134-E1E0-4F7E-A6D4-3FA8B9326A18}
		{944FEAE7-A334-4386-859D-1E75636703F9} = {8A26E134-E1E0-4F7E-A6D4-3FA8B9326A18}
		{EED4402C-60FE-4025-AD50-DBEED18DE0D3} = {11EBFF06-C888-471F-A5D1-FD1730076BFA}
		{B969C50B-4526-435A-84AF-B9B07DAE9343} = {11EBFF06-C888-471F-A5D1-FD1730076BFA}
		{663199FA-F9DB-419A-9FA4-96245B90C8D7} = {11EBFF06-C888-471F-A5D1-FD1730076BFA}
		{14460ED2-8390-44A9-9A0D-76BC30F2EB39} = {36A755F5-125A-4E4F-8838-AC323A682EA0}
		{CBAC4A2A-8551-418E-AB3C-B56D68BFA3B1} = {36A755F5-125A-4E4F-8838-AC323A682EA0}
		{70217070-AF28-4CC1-9EEB-A255CDE18BA4} = {36A755F5-125A-4E4F-8838-AC323A682EA0}
		{4BE07C1E-2D1F-4C2C-B529-2EA80D4BB394} = {11EBFF06-C888-471F-A5D1-FD1730076BFA}
	EndGlobalSection
	GlobalSection(ExtensibilityGlobals) = postSolution
		SolutionGuid = {CCBFFE35-5B47-4D05-BBA2-401820564392}
	EndGlobalSection
EndGlobal
